{
  "name": "china_a_share",
  "lockfileVersion": 3,
  "requires": true,
  "packages": {
    "": {
      "dependencies": {
        "react-intl": "^10.1.18"
      },
      "devDependencies": {
        "@formatjs/cli": "^6.16.14"
      }
    },
    "node_modules/@formatjs/cli": {
      "version": "6.16.14",
      "resolved": "https://registry.npmjs.org/@formatjs/cli/-/cli-6.16.14.tgz",
      "integrity": "sha512-aortaTMdCWuGtHnksxpznioudRVvSVkY2/6AQrpUR3tpATGl8sWCuhU9XUEG4ba7UWbFGMv7XLME93rCPfIrJw==",
      "dev": true,
      "license": "MIT",
      "bin": {
        "formatjs": "bin/formatjs"
      },
      "engines": {
        "node": ">= 20.12.0"
      },
      "optionalDependencies": {
        "@formatjs/cli-native-darwin-arm64": "1.1.8",
        "@formatjs/cli-native-linux-arm64": "1.2.8",
        "@formatjs/cli-native-linux-arm64-musl": "1.0.6",
        "@formatjs/cli-native-linux-x64": "1.1.8",
        "@formatjs/cli-native-linux-x64-musl": "1.0.6",
        "@formatjs/cli-native-win32-x64": "1.1.9"
      },
      "peerDependencies": {
        "@glimmer/syntax": "^0.84.3 || ^0.95.0",
        "@vue/compiler-core": "3",
        "content-tag": "4",
        "vue": "3"
      },
      "peerDependenciesMeta": {
        "@glimmer/env": {
          "optional": true
        },
        "@glimmer/reference": {
          "optional": true
        },
        "@glimmer/syntax": {
          "optional": true
        },
        "@glimmer/validator": {
          "optional": true
        },
        "@vue/compiler-core": {
          "optional": true
        },
        "content-tag": {
          "optional": true
        },
        "vue": {
          "optional": true
        }
      }
    },
    "node_modules/@formatjs/cli-native-darwin-arm64": {
      "version": "1.1.8",
      "resolved": "https://registry.npmjs.org/@formatjs/cli-native-darwin-arm64/-/cli-native-darwin-arm64-1.1.8.tgz",
      "integrity": "sha512-uIHA6JFbG5vE3GlQodIrbYMmQc50mhBBVJ++ze99Tetfj4eFmIOtVKz2UMt8P8QmvCUZQMyEH95Jm+FbBDY46A==",
      "cpu": [
        "arm64"
      ],
      "dev": true,
      "license": "MIT",
      "optional": true,
      "os": [
        "darwin"
      ]
    },
    "node_modules/@formatjs/cli-native-linux-arm64": {
      "version": "1.2.8",
      "resolved": "https://registry.npmjs.org/@formatjs/cli-native-linux-arm64/-/cli-native-linux-arm64-1.2.8.tgz",
      "integrity": "sha512-EfrurpWY66hjWvtlO9BjWMDze0SBw4dMMZkUnAZYNdBmOTTRJC+CLi62nRxiSoSVV7QzP8BN6W/zZ5qLySYl0w==",
      "cpu": [
        "arm64"
      ],
      "dev": true,
      "libc": [
        "glibc"
      ],
      "license": "MIT",
      "optional": true,
      "os": [
        "linux"
      ]
    },
    "node_modules/@formatjs/cli-native-linux-arm64-musl": {
      "version": "1.0.6",
      "resolved": "https://registry.npmjs.org/@formatjs/cli-native-linux-arm64-musl/-/cli-native-linux-arm64-musl-1.0.6.tgz",
      "integrity": "sha512-ZiM2H4w61rrvkAwhDFWjFEhW43/AphNNHa3lTdZvNOttst1mQ2gUS4+bLGBOfMqKG8+AU+6B9PCF67AbDOlwPg==",
      "cpu": [
        "arm64"
      ],
      "dev": true,
      "libc": [
        "musl"
      ],
      "license": "MIT",
      "optional": true,
      "os": [
        "linux"
      ]
    },
    "node_modules/@formatjs/cli-native-linux-x64": {
      "version": "1.1.8",
      "resolved": "https://registry.npmjs.org/@formatjs/cli-native-linux-x64/-/cli-native-linux-x64-1.1.8.tgz",
      "integrity": "sha512-J3aInCY7VKSyBrjpXedz/AYNbr+X82zLpSwfeO3obnOqUxn6dko9tnHlaQxuSnZHMx4sAOjJyTzUqDHD6Ft2GA==",
      "cpu": [
        "x64"
      ],
      "dev": true,
      "libc": [
        "glibc"
      ],
      "license": "MIT",
      "optional": true,
      "os": [
        "linux"
      ]
    },
    "node_modules/@formatjs/cli-native-linux-x64-musl": {
      "version": "1.0.6",
      "resolved": "https://registry.npmjs.org/@formatjs/cli-native-linux-x64-musl/-/cli-native-linux-x64-musl-1.0.6.tgz",
      "integrity": "sha512-Va4rt4gL5p02gixW73VFLCvhgvXhsaT9dMdGfQE32/dqn4NYxg/8gquhauIBvTCkKPYgOhtXRcMWKQINxMB8oA==",
      "cpu": [
        "x64"
      ],
      "dev": true,
      "libc": [
        "musl"
      ],
      "license": "MIT",
      "optional": true,
      "os": [
        "linux"
      ]
    },
    "node_modules/@formatjs/cli-native-win32-x64": {
      "version": "1.1.9",
      "resolved": "https://registry.npmjs.org/@formatjs/cli-native-win32-x64/-/cli-native-win32-x64-1.1.9.tgz",
      "integrity": "sha512-EUH4z1WhKmjJ4FIn+dvzmgbtJRZ4YHCP3kbHiZv0tgmrQiQ5Q4Flv0Smt66kwYMEnyEf9/mY1JmKdBIjPaQM6A==",
      "cpu": [
        "x64"
      ],
      "dev": true,
      "license": "MIT",
      "optional": true,
      "os": [
        "win32"
      ]
    },
    "node_modules/@formatjs/fast-memoize": {
      "version": "3.1.7",
      "resolved": "https://registry.npmjs.org/@formatjs/fast-memoize/-/fast-memoize-3.1.7.tgz",
      "integrity": "sha512-zXfhLpvA6T7+efdt9JLbBwZ00tT7NsBMDVnDu8rpHeNNv8KfRZAMo2gkG0k9lK/Nzc//3kJ9pImsfuJxk3KhUA==",
      "license": "MIT"
    },
    "node_modules/@formatjs/icu-messageformat-parser": {
      "version": "3.5.15",
      "resolved": "https://registry.npmjs.org/@formatjs/icu-messageformat-parser/-/icu-messageformat-parser-3.5.15.tgz",
      "integrity": "sha512-5o4grXKotAB3JqQuisLApHG43g17N+paoRTa92Jiz35Zvfemq0cVf4EDvuxyHAzmsJji7igaEowicLO/VmfJ8Q==",
      "license": "MIT",
      "dependencies": {
        "@formatjs/icu-skeleton-parser": "2.1.11"
      }
    },
    "node_modules/@formatjs/icu-skeleton-parser": {
      "version": "2.1.11",
      "resolved": "https://registry.npmjs.org/@formatjs/icu-skeleton-parser/-/icu-skeleton-parser-2.1.11.tgz",
      "integrity": "sha512-j8cUmOJzVgkHuS0QiQ6ga76UIoLOFSAMWhs7aZJztH3aAdCOAE6vpC8KVvFB4cU10ON0y2/5oOVmPJ43s2lTwA==",
      "license": "MIT"
    },
    "node_modules/@formatjs/intl": {
      "version": "4.1.17",
      "resolved": "https://registry.npmjs.org/@formatjs/intl/-/intl-4.1.17.tgz",
      "integrity": "sha512-IxluRkzOZH8ahaDip5g8YH9kJi1munUZi9i1BJs1wVFQIY2pROoCSiOlybZegyiPsZlMaYfADkD99zP2xmBfjQ==",
      "license": "MIT",
      "dependencies": {
        "@formatjs/fast-memoize": "3.1.7",
        "@formatjs/icu-messageformat-parser": "3.5.15",
        "intl-messageformat": "11.2.12"
      }
    },
    "node_modules/@types/react": {
      "version": "19.2.17",
      "resolved": "https://registry.npmjs.org/@types/react/-/react-19.2.17.tgz",
      "integrity": "sha512-MXfmqaVPEVgkBT/aY0aGCkRWWtByiYQXo3xdQ8r5RzuFrPiRn8Gar2tQdXSUQ2GKV3bkXckek89V8wQBY2Q/Aw==",
      "license": "MIT",
      "peer": true,
      "dependencies": {
        "csstype": "^3.2.2"
      }
    },
    "node_modules/csstype": {
      "version": "3.2.3",
      "resolved": "https://registry.npmjs.org/csstype/-/csstype-3.2.3.tgz",
      "integrity": "sha512-z1HGKcYy2xA8AGQfwrn0PAy+PB7X/GSj3UVJW9qKyn43xWa+gl5nXmU4qqLMRzWVLFC8KusUX8T/0kCiOYpAIQ==",
      "license": "MIT",
      "peer": true
    },
    "node_modules/intl-messageformat": {
      "version": "11.2.12",
      "resolved": "https://registry.npmjs.org/intl-messageformat/-/intl-messageformat-11.2.12.tgz",
      "integrity": "sha512-KW70Xxfcvy7vV3qODfvShWkFDPMqKDAa4N+hSyVBWGNtVhTUFYaqlD/l88DaYPKiVcPP4rPQ3qnH7i5K82Mg7g==",
      "license": "BSD-3-Clause",
      "dependencies": {
        "@formatjs/fast-memoize": "3.1.7",
        "@formatjs/icu-messageformat-parser": "3.5.15"
      }
    },
    "node_modules/react": {
      "version": "19.2.8",
      "resolved": "https://registry.npmjs.org/react/-/react-19.2.8.tgz",
      "integrity": "sha512-PWaYA1L/q9u2u7xYQi+Y3L3Yfnie7XyLeaJICV1MGD6LprsBxcAqGjYyr0eY3p+QdsA+x/Irkt4Qif8D63+Sbw==",
      "license": "MIT",
      "peer": true,
      "engines": {
        "node": ">=0.10.0"
      }
    },
    "node_modules/react-intl": {
      "version": "10.1.18",
      "resolved": "https://registry.npmjs.org/react-intl/-/react-intl-10.1.18.tgz",
      "integrity": "sha512-4JMOYakqVn/IajJt8Ad341Iwd6RDtiP1WQZiHRcFpHDBhVW4E9T0vkypSOk69Adg3dEbIYOE4HKTehH/1sSwnw==",
      "license": "BSD-3-Clause",
      "dependencies": {
        "@formatjs/icu-messageformat-parser": "3.5.15",
        "@formatjs/intl": "4.1.17",
        "intl-messageformat": "11.2.12"
      },
      "peerDependencies": {
        "@types/react": ">=18.0.0",
        "react": ">=18.0.0"
      }
    }
  }
}
